
Microsoft Visual Studio Solution File, Format Version 12.00
# Visual Studio Version 16
VisualStudioVersion = 16.0.28917.181
MinimumVisualStudioVersion = 10.0.40219.1
Project("{FAE04EC0-301F-11D3-BF4B-00C04F79EFBC}") = "ArraysProject", "ArraysProject\ArraysProject.csproj", "{14C0E14E-B911-4BE0-BDAC-DB6AFEA1379D}"
EndProject
Project("{FAE04EC0-301F-11D3-BF4B-00C04F79EFBC}") = "ClassProject", "ClassProject\ClassProject.csproj", "{FB3E768D-C6B7-4E28-BDAC-A27E20D14780}"
EndProject
Global
	GlobalSection(SolutionConfigurationPlatforms) = preSolution
		Debug|Any CPU = Debug|Any CPU
		Release|Any CPU = Release|Any CPU
	EndGlobalSection
	GlobalSection(ProjectConfigurationPlatforms) = postSolution
		{14C0E14E-B911-4BE0-BDAC-DB6AFEA1379D}.Debug|Any CPU.ActiveCfg = Debug|Any CPU
		{14C0E14E-B911-4BE0-BDAC-DB6AFEA1379D}.Debug|Any CPU.Build.0 = Debug|Any CPU
		{14C0E14E-B911-4BE0-BDAC-DB6AFEA1379D}.Release|Any CPU.ActiveCfg = Release|Any CPU
		{14C0E14E-B911-4BE0-BDAC-DB6AFEA1379D}.Release|Any CPU.Build.0 = Release|Any CPU
		{FB3E768D-C6B7-4E28-BDAC-A27E20D14780}.Debug|Any CPU.ActiveCfg = Debug|Any CPU
		{FB3E768D-C6B7-4E28-BDAC-A27E20D14780}.Debug|Any CPU.Build.0 = Debug|Any CPU
		{FB3E768D-C6B7-4E28-BDAC-A27E20D14780}.Release|Any CPU.ActiveCfg = Release|Any CPU
		{FB3E768D-C6B7-4E28-BDAC-A27E20D14780}.Release|Any CPU.Build.0 = Release|Any CPU
	EndGlobalSection
	GlobalSection(SolutionProperties) = preSolution
		HideSolutionNode = FALSE
	EndGlobalSection
	GlobalSection(ExtensibilityGlobals) = postSolution
		SolutionGuid = {3EC2AF97-C361-4FE4-96AC-9C3B04166197}
	EndGlobalSection
EndGlobal
